dependencies:
  idf:
    source:
      type: idf
    version: 5.5.2
  lvgl/lvgl:
    component_hash: 2a8f619b5c2b1c7ad116c33d43dae8989c76739068f406a7e8ba9221e1085f17
    dependencies: []
    source:
      registry_url: https://components.espressif.com/
      type: service
    version: 9.1.0
direct_dependencies:
- idf
- lvgl/lvgl
manifest_hash: 6c997f22cf03b772c2a8f5dffb9933cf5cd481e86b3db7015fb8f5827ae0be87
target: esp32s3
version: 2.0.0
