dependencies:
  idf:
    source:
      type: idf
    version: 5.5.2
  lvgl/lvgl:
    component_hash: 2a8f619b5c2b1c7ad116c33d43dae8989c76739068f406a7e8ba9221e1085f17
    dependencies: []
    source:
      registry_url: https://components.espressif.com/
      type: service
    version: 9.1.0
direct_dependencies:
- idf
- lvgl/lvgl
manifest_hash: 1a1819c97e327003f594273a4cf4b372658fee88bfe69b7b928a1ec082a28ad0
target: esp32s3
version: 2.0.0
